
Microsoft Visual Studio Solution File, Format Version 12.00
# Visual Studio 15
VisualStudioVersion = 15.0.27130.2024
MinimumVisualStudioVersion = 10.0.40219.1
Project("{8BC9CEB8-8B4A-11D0-8D11-00A0C91BC942}") = "SaluteGame", "SaluteGame.vcxproj", "{21AF5959-2CF1-417D-90ED-70052151E734}"
EndProject
Global
	GlobalSection(SolutionConfigurationPlatforms) = preSolution
		Debug|x86 = Debug|x86
		Release|x86 = Release|x86
	EndGlobalSection
	GlobalSection(ProjectConfigurationPlatforms) = postSolution
		{21AF5959-2CF1-417D-90ED-70052151E734}.Debug|x86.ActiveCfg = Debug|Win32
		{21AF5959-2CF1-417D-90ED-70052151E734}.Debug|x86.Build.0 = Debug|Win32
		{21AF5959-2CF1-417D-90ED-70052151E734}.Release|x86.ActiveCfg = Release|Win32
		{21AF5959-2CF1-417D-90ED-70052151E734}.Release|x86.Build.0 = Release|Win32
	EndGlobalSection
	GlobalSection(SolutionProperties) = preSolution
		HideSolutionNode = FALSE
	EndGlobalSection
	GlobalSection(ExtensibilityGlobals) = postSolution
		SolutionGuid = {B746936C-3562-47C3-8825-58B11391B92D}
	EndGlobalSection
EndGlobal
